
Microsoft Visual Studio Solution File, Format Version 12.00
# Visual Studio Version 16
VisualStudioVersion = 16.0.30611.23
MinimumVisualStudioVersion = 10.0.40219.1
Project("{FAE04EC0-301F-11D3-BF4B-00C04F79EFBC}") = "CustomEnumeratorWithYield1", "CustomEnumeratorWithYield1\CustomEnumeratorWithYield1.csproj", "{A3CCE071-417F-4BB2-9A47-842E8EC71FCB}"
EndProject
Global
	GlobalSection(SolutionConfigurationPlatforms) = preSolution
		Debug|Any CPU = Debug|Any CPU
		Release|Any CPU = Release|Any CPU
	EndGlobalSection
	GlobalSection(ProjectConfigurationPlatforms) = postSolution
		{A3CCE071-417F-4BB2-9A47-842E8EC71FCB}.Debug|Any CPU.ActiveCfg = Debug|Any CPU
		{A3CCE071-417F-4BB2-9A47-842E8EC71FCB}.Debug|Any CPU.Build.0 = Debug|Any CPU
		{A3CCE071-417F-4BB2-9A47-842E8EC71FCB}.Release|Any CPU.ActiveCfg = Release|Any CPU
		{A3CCE071-417F-4BB2-9A47-842E8EC71FCB}.Release|Any CPU.Build.0 = Release|Any CPU
	EndGlobalSection
	GlobalSection(SolutionProperties) = preSolution
		HideSolutionNode = FALSE
	EndGlobalSection
	GlobalSection(ExtensibilityGlobals) = postSolution
		SolutionGuid = {6EF8F242-EF38-4300-9880-416C77ECD50F}
	EndGlobalSection
EndGlobal
